
Microsoft Visual Studio Solution File, Format Version 12.00
# Visual Studio Version 17
VisualStudioVersion = 17.13.35825.156 d17.13
MinimumVisualStudioVersion = 10.0.40219.1
Project("{FAE04EC0-301F-11D3-BF4B-00C04F79EFBC}") = "Task31WebApplication", "Task31WebApplication.csproj", "{E6B72FCF-0780-435C-B4C8-A018E18E4DE6}"
EndProject
Global
	GlobalSection(SolutionConfigurationPlatforms) = preSolution
		Debug|Any CPU = Debug|Any CPU
		Release|Any CPU = Release|Any CPU
	EndGlobalSection
	GlobalSection(ProjectConfigurationPlatforms) = postSolution
		{E6B72FCF-0780-435C-B4C8-A018E18E4DE6}.Debug|Any CPU.ActiveCfg = Debug|Any CPU
		{E6B72FCF-0780-435C-B4C8-A018E18E4DE6}.Debug|Any CPU.Build.0 = Debug|Any CPU
		{E6B72FCF-0780-435C-B4C8-A018E18E4DE6}.Release|Any CPU.ActiveCfg = Release|Any CPU
		{E6B72FCF-0780-435C-B4C8-A018E18E4DE6}.Release|Any CPU.Build.0 = Release|Any CPU
	EndGlobalSection
	GlobalSection(SolutionProperties) = preSolution
		HideSolutionNode = FALSE
	EndGlobalSection
	GlobalSection(ExtensibilityGlobals) = postSolution
		SolutionGuid = {DBEAAF3D-70FE-4989-B06F-B50FCF213740}
	EndGlobalSection
EndGlobal
